
Microsoft Visual Studio Solution File, Format Version 12.00
# Visual Studio Version 16
VisualStudioVersion = 25.0.1705.4
MinimumVisualStudioVersion = 10.0.40219.1
Project("{F2A71F9B-5D33-465A-A702-920D77279786}") = "Tests", "Tests.fsproj", "{9B64A828-0607-45EF-A22D-1F52117F0A99}"
EndProject
Global
	GlobalSection(SolutionConfigurationPlatforms) = preSolution
		Debug|Any CPU = Debug|Any CPU
		Release|Any CPU = Release|Any CPU
	EndGlobalSection
	GlobalSection(ProjectConfigurationPlatforms) = postSolution
		{9B64A828-0607-45EF-A22D-1F52117F0A99}.Debug|Any CPU.ActiveCfg = Debug|Any CPU
		{9B64A828-0607-45EF-A22D-1F52117F0A99}.Debug|Any CPU.Build.0 = Debug|Any CPU
		{9B64A828-0607-45EF-A22D-1F52117F0A99}.Release|Any CPU.ActiveCfg = Release|Any CPU
		{9B64A828-0607-45EF-A22D-1F52117F0A99}.Release|Any CPU.Build.0 = Release|Any CPU
	EndGlobalSection
	GlobalSection(SolutionProperties) = preSolution
		HideSolutionNode = FALSE
	EndGlobalSection
	GlobalSection(ExtensibilityGlobals) = postSolution
		SolutionGuid = {DE1C9568-73E1-4626-AC3E-97B38AC9E44D}
	EndGlobalSection
EndGlobal
